<?xml version="1.0" encoding="utf-8"?>
<Project xmlns="http://schemas.microsoft.com/developer/msbuild/2003">
  <ItemGroup>
    <Filter Include="Generated Files">
      <UniqueIdentifier>{71ED8ED8-ACB9-4CE9-BBE1-E00B30144E11}</UniqueIdentifier>
      <Extensions>cpp;c;cxx;moc;h;def;odl;idl;res;</Extensions>
    </Filter>
    <Filter Include="Generated Files">
      <UniqueIdentifier>{71ED8ED8-ACB9-4CE9-BBE1-E00B30144E11}</UniqueIdentifier>
      <Extensions>cpp;c;cxx;moc;h;def;odl;idl;res;</Extensions>
    </Filter>
    <Filter Include="Source Files">
      <UniqueIdentifier>{4FC737F1-C7A5-4376-A066-2A32D752A2FF}</UniqueIdentifier>
      <Extensions>cpp;c;cxx;def;odl;idl;hpj;bat;asm;asmx</Extensions>
    </Filter>
    <Filter Include="Source Files">
      <UniqueIdentifier>{4FC737F1-C7A5-4376-A066-2A32D752A2FF}</UniqueIdentifier>
      <Extensions>cpp;c;cxx;def;odl;idl;hpj;bat;asm;asmx</Extensions>
    </Filter>
  </ItemGroup>
  <ItemGroup>
    <ClCompile Include="src\cbatch.c">
      <Filter>Source Files</Filter>
    </ClCompile>
    <ClCompile Include="src\cchcp.c">
      <Filter>Source Files</Filter>
    </ClCompile>
    <ClCompile Include="src\cclock.c">
      <Filter>Source Files</Filter>
    </ClCompile>
    <ClCompile Include="src\cdata.c">
      <Filter>Source Files</Filter>
    </ClCompile>
    <ClCompile Include="src\cdebug.c">
      <Filter>Source Files</Filter>
    </ClCompile>
    <ClCompile Include="src\cenv.c">
      <Filter>Source Files</Filter>
    </ClCompile>
    <ClCompile Include="src\cext.c">
      <Filter>Source Files</Filter>
    </ClCompile>
    <ClCompile Include="src\cfile.c">
      <Filter>Source Files</Filter>
    </ClCompile>
    <ClCompile Include="src\cinfo.c">
      <Filter>Source Files</Filter>
    </ClCompile>
    <ClCompile Include="src\cinit.c">
      <Filter>Source Files</Filter>
    </ClCompile>
    <ClCompile Include="src\ckeys.c">
      <Filter>Source Files</Filter>
    </ClCompile>
    <ClCompile Include="src\clex.c">
      <Filter>Source Files</Filter>
    </ClCompile>
    <ClCompile Include="src\cmd.c">
      <Filter>Source Files</Filter>
    </ClCompile>
    <ClCompile Include="src\portable\cmdmsg.c">
      <Filter>Source Files</Filter>
    </ClCompile>
    <ClCompile Include="src\cmem.c">
      <Filter>Source Files</Filter>
    </ClCompile>
    <ClCompile Include="src\portable\compat.c">
      <Filter>Source Files</Filter>
    </ClCompile>
    <ClCompile Include="src\complete.c">
      <Filter>Source Files</Filter>
    </ClCompile>
    <ClCompile Include="src\console.c">
      <Filter>Source Files</Filter>
    </ClCompile>
    <ClCompile Include="src\cop.c">
      <Filter>Source Files</Filter>
    </ClCompile>
    <ClCompile Include="src\cother.c">
      <Filter>Source Files</Filter>
    </ClCompile>
    <ClCompile Include="src\cparse.c">
      <Filter>Source Files</Filter>
    </ClCompile>
    <ClCompile Include="src\cpath.c">
      <Filter>Source Files</Filter>
    </ClCompile>
    <ClCompile Include="src\cpparse.c">
      <Filter>Source Files</Filter>
    </ClCompile>
    <ClCompile Include="src\cpwork.c">
      <Filter>Source Files</Filter>
    </ClCompile>
    <ClCompile Include="src\csig.c">
      <Filter>Source Files</Filter>
    </ClCompile>
    <ClCompile Include="src\ctools1.c">
      <Filter>Source Files</Filter>
    </ClCompile>
    <ClCompile Include="src\ctools2.c">
      <Filter>Source Files</Filter>
    </ClCompile>
    <ClCompile Include="src\ctools3.c">
      <Filter>Source Files</Filter>
    </ClCompile>
    <ClCompile Include="src\del.c">
      <Filter>Source Files</Filter>
    </ClCompile>
    <ClCompile Include="src\dir.c">
      <Filter>Source Files</Filter>
    </ClCompile>
    <ClCompile Include="src\display.c">
      <Filter>Source Files</Filter>
    </ClCompile>
    <ClCompile Include="src\ffirst.c">
      <Filter>Source Files</Filter>
    </ClCompile>
    <ClCompile Include="src\hstoi.c">
      <Filter>Source Files</Filter>
    </ClCompile>
    <ClCompile Include="main.cpp">
      <Filter>Source Files</Filter>
    </ClCompile>
    <ClCompile Include="src\readcon.c">
      <Filter>Source Files</Filter>
    </ClCompile>
    <ClCompile Include="src\start.c">
      <Filter>Source Files</Filter>
    </ClCompile>
    <ClCompile Include="src\string.c">
      <Filter>Source Files</Filter>
    </ClCompile>
    <ClCompile Include="src\tree.c">
      <Filter>Source Files</Filter>
    </ClCompile>
  </ItemGroup>
  <ItemGroup>
    <CustomBuild Include="debug\moc_predefs.h.cbt">
      <Filter>Generated Files</Filter>
    </CustomBuild>
    <CustomBuild Include="release\moc_predefs.h.cbt">
      <Filter>Generated Files</Filter>
    </CustomBuild>
  </ItemGroup>
</Project>